
Microsoft Visual Studio Solution File, Format Version 12.00
# Visual Studio Version 16
VisualStudioVersion = 16.0.31702.278
MinimumVisualStudioVersion = 10.0.40219.1
Project("{FAE04EC0-301F-11D3-BF4B-00C04F79EFBC}") = "ControleDeCaixa.WebAPI", "ControleDeCaixa.WebAPI\ControleDeCaixa.WebAPI.csproj", "{D8D81BFC-F492-4379-8F92-079007C194E8}"
EndProject
Global
	GlobalSection(SolutionConfigurationPlatforms) = preSolution
		Debug|Any CPU = Debug|Any CPU
		Release|Any CPU = Release|Any CPU
	EndGlobalSection
	GlobalSection(ProjectConfigurationPlatforms) = postSolution
		{D8D81BFC-F492-4379-8F92-079007C194E8}.Debug|Any CPU.ActiveCfg = Debug|Any CPU
		{D8D81BFC-F492-4379-8F92-079007C194E8}.Debug|Any CPU.Build.0 = Debug|Any CPU
		{D8D81BFC-F492-4379-8F92-079007C194E8}.Release|Any CPU.ActiveCfg = Release|Any CPU
		{D8D81BFC-F492-4379-8F92-079007C194E8}.Release|Any CPU.Build.0 = Release|Any CPU
	EndGlobalSection
	GlobalSection(SolutionProperties) = preSolution
		HideSolutionNode = FALSE
	EndGlobalSection
	GlobalSection(ExtensibilityGlobals) = postSolution
		SolutionGuid = {4E46FCBF-96C3-4D16-ADEF-54F37C674B57}
	EndGlobalSection
EndGlobal
